
Microsoft Visual Studio Solution File, Format Version 12.00
# Visual Studio Version 17
VisualStudioVersion = 17.2.32616.157
MinimumVisualStudioVersion = 10.0.40219.1
Project("{9A19103F-16F7-4668-BE54-9A1E7A4F7556}") = "Learn", "Learn\Learn.csproj", "{6C2CB26A-0FE6-4D9B-A876-0B474994301D}"
EndProject
Global
	GlobalSection(SolutionConfigurationPlatforms) = preSolution
		Debug|Any CPU = Debug|Any CPU
		Release|Any CPU = Release|Any CPU
	EndGlobalSection
	GlobalSection(ProjectConfigurationPlatforms) = postSolution
		{6C2CB26A-0FE6-4D9B-A876-0B474994301D}.Debug|Any CPU.ActiveCfg = Debug|Any CPU
		{6C2CB26A-0FE6-4D9B-A876-0B474994301D}.Debug|Any CPU.Build.0 = Debug|Any CPU
		{6C2CB26A-0FE6-4D9B-A876-0B474994301D}.Release|Any CPU.ActiveCfg = Release|Any CPU
		{6C2CB26A-0FE6-4D9B-A876-0B474994301D}.Release|Any CPU.Build.0 = Release|Any CPU
	EndGlobalSection
	GlobalSection(SolutionProperties) = preSolution
		HideSolutionNode = FALSE
	EndGlobalSection
	GlobalSection(ExtensibilityGlobals) = postSolution
		SolutionGuid = {A01AD2F0-40DD-4096-B5AE-81A6D72A7391}
	EndGlobalSection
EndGlobal
